
Microsoft Visual Studio Solution File, Format Version 12.00
# Visual Studio Version 16
VisualStudioVersion = 16.0.31729.503
MinimumVisualStudioVersion = 10.0.40219.1
Project("{FAE04EC0-301F-11D3-BF4B-00C04F79EFBC}") = "Archery", "Archery\Archery.csproj", "{FC6B1000-0008-480C-AC50-D06C23C20365}"
EndProject
Global
	GlobalSection(SolutionConfigurationPlatforms) = preSolution
		Debug|Any CPU = Debug|Any CPU
		Release|Any CPU = Release|Any CPU
	EndGlobalSection
	GlobalSection(ProjectConfigurationPlatforms) = postSolution
		{FC6B1000-0008-480C-AC50-D06C23C20365}.Debug|Any CPU.ActiveCfg = Debug|Any CPU
		{FC6B1000-0008-480C-AC50-D06C23C20365}.Debug|Any CPU.Build.0 = Debug|Any CPU
		{FC6B1000-0008-480C-AC50-D06C23C20365}.Release|Any CPU.ActiveCfg = Release|Any CPU
		{FC6B1000-0008-480C-AC50-D06C23C20365}.Release|Any CPU.Build.0 = Release|Any CPU
	EndGlobalSection
	GlobalSection(SolutionProperties) = preSolution
		HideSolutionNode = FALSE
	EndGlobalSection
	GlobalSection(ExtensibilityGlobals) = postSolution
		SolutionGuid = {6A9BBAF8-1C34-4138-A6F0-4E7E118775E0}
	EndGlobalSection
EndGlobal
